
Microsoft Visual Studio Solution File, Format Version 12.00
# Visual Studio 15
VisualStudioVersion = 15.0.27703.2000
MinimumVisualStudioVersion = 10.0.40219.1
Project("{FAE04EC0-301F-11D3-BF4B-00C04F79EFBC}") = "AutoMail", "AutoMail\AutoMail.csproj", "{C44F73BF-36FC-4778-B601-F053DAEE574E}"
EndProject
Project("{FAE04EC0-301F-11D3-BF4B-00C04F79EFBC}") = "DailyNotification", "DailyNotification\DailyNotification.csproj", "{EE7B38F2-D0D0-463B-A19A-6D40105897BE}"
EndProject
Global
	GlobalSection(SolutionConfigurationPlatforms) = preSolution
		Debug|Any CPU = Debug|Any CPU
		Release|Any CPU = Release|Any CPU
	EndGlobalSection
	GlobalSection(ProjectConfigurationPlatforms) = postSolution
		{C44F73BF-36FC-4778-B601-F053DAEE574E}.Debug|Any CPU.ActiveCfg = Debug|Any CPU
		{C44F73BF-36FC-4778-B601-F053DAEE574E}.Debug|Any CPU.Build.0 = Debug|Any CPU
		{C44F73BF-36FC-4778-B601-F053DAEE574E}.Release|Any CPU.ActiveCfg = Release|Any CPU
		{C44F73BF-36FC-4778-B601-F053DAEE574E}.Release|Any CPU.Build.0 = Release|Any CPU
		{EE7B38F2-D0D0-463B-A19A-6D40105897BE}.Debug|Any CPU.ActiveCfg = Debug|Any CPU
		{EE7B38F2-D0D0-463B-A19A-6D40105897BE}.Debug|Any CPU.Build.0 = Debug|Any CPU
		{EE7B38F2-D0D0-463B-A19A-6D40105897BE}.Release|Any CPU.ActiveCfg = Release|Any CPU
		{EE7B38F2-D0D0-463B-A19A-6D40105897BE}.Release|Any CPU.Build.0 = Release|Any CPU
	EndGlobalSection
	GlobalSection(SolutionProperties) = preSolution
		HideSolutionNode = FALSE
	EndGlobalSection
	GlobalSection(ExtensibilityGlobals) = postSolution
		SolutionGuid = {E9858F9D-23B0-4AB8-A17B-F520FA87F3E3}
	EndGlobalSection
EndGlobal
